
Microsoft Visual Studio Solution File, Format Version 12.00
# Visual Studio Version 17
VisualStudioVersion = 17.12.35527.113
MinimumVisualStudioVersion = 10.0.40219.1
Project("{2150E333-8FDC-42A3-9474-1A3956D46DE8}") = "OrderService", "OrderService", "{B765952B-5D6E-4A62-AEFD-D2B24340C21C}"
EndProject
Project("{2150E333-8FDC-42A3-9474-1A3956D46DE8}") = "OrderProcessingService", "OrderProcessingService", "{1EB49EFF-54A5-48AD-8EB0-7FB20EF0F19C}"
EndProject
Project("{2150E333-8FDC-42A3-9474-1A3956D46DE8}") = "Domain", "Domain", "{581D8DD8-AF6D-4C99-A093-B13A5952FACF}"
EndProject
Project("{2150E333-8FDC-42A3-9474-1A3956D46DE8}") = "Application", "Application", "{C42C129E-4D39-4A67-965A-78CA0B742F73}"
EndProject
Project("{2150E333-8FDC-42A3-9474-1A3956D46DE8}") = "Infrastructure", "Infrastructure", "{65D717AE-3071-4511-96EA-ACD1C199EA4D}"
EndProject
Project("{2150E333-8FDC-42A3-9474-1A3956D46DE8}") = "API", "API", "{8E8DD42E-9D2F-4527-AF74-E519F4E0B80E}"
EndProject
Project("{2150E333-8FDC-42A3-9474-1A3956D46DE8}") = "Domain", "Domain", "{A6B9F8CC-D014-41B6-B92A-F0844A61E1F5}"
EndProject
Project("{2150E333-8FDC-42A3-9474-1A3956D46DE8}") = "Application", "Application", "{65A28805-EF12-4DF4-A1FD-5F0204A4F6A4}"
EndProject
Project("{2150E333-8FDC-42A3-9474-1A3956D46DE8}") = "Infrastructure", "Infrastructure", "{3FB8704D-739D-4A2A-84C0-5726409E1235}"
EndProject
Project("{2150E333-8FDC-42A3-9474-1A3956D46DE8}") = "Worker", "Worker", "{9F429F0F-B1C4-459E-BF3F-024FA273FE93}"
EndProject
Project("{FAE04EC0-301F-11D3-BF4B-00C04F79EFBC}") = "PS.OrderService.Domain", "PS.OrderService.Domain\PS.OrderService.Domain.csproj", "{F7957DE9-6D70-4C8A-BF4E-E70CF06FA531}"
EndProject
Project("{FAE04EC0-301F-11D3-BF4B-00C04F79EFBC}") = "PS.OrderService.Application", "PS.OrderService.Application\PS.OrderService.Application.csproj", "{D50C13C3-2BF3-4CC3-9B1C-17AC5D0A3F98}"
EndProject
Project("{FAE04EC0-301F-11D3-BF4B-00C04F79EFBC}") = "PS.OrderService.Infrastructure", "PS.OrderService.Infrastructure\PS.OrderService.Infrastructure.csproj", "{A436B78D-13F8-4A5E-ADB5-FF070F72B908}"
EndProject
Project("{FAE04EC0-301F-11D3-BF4B-00C04F79EFBC}") = "PS.OrderService.API", "PS.OrderService.API\PS.OrderService.API.csproj", "{B9C26DD2-E11C-4337-A0A8-2E3EE772A46C}"
EndProject
Project("{FAE04EC0-301F-11D3-BF4B-00C04F79EFBC}") = "PS.OrderProcessingService.Domain", "PS.OrderProcessingService.Domain\PS.OrderProcessingService.Domain.csproj", "{50889EB5-C326-4C75-A155-C4D43B5AD19A}"
EndProject
Project("{FAE04EC0-301F-11D3-BF4B-00C04F79EFBC}") = "PS.OrderProcessingService.Application", "PS.OrderProcessingService.Application\PS.OrderProcessingService.Application.csproj", "{E86B46EB-686D-4E38-8E12-E4F3DA067D60}"
EndProject
Project("{FAE04EC0-301F-11D3-BF4B-00C04F79EFBC}") = "PS.OrderProcessingService.Infrastructure", "PS.OrderProcessingService.Infrastructure\PS.OrderProcessingService.Infrastructure.csproj", "{052F7109-FB7E-452D-B9C6-F9F66155288E}"
EndProject
Project("{FAE04EC0-301F-11D3-BF4B-00C04F79EFBC}") = "PS.OrderProcessingService.Worker", "PS.OrderProcessingService.Worker\PS.OrderProcessingService.Worker.csproj", "{F37F43B7-1C64-4340-8102-90CDF3B27129}"
EndProject
Global
	GlobalSection(SolutionConfigurationPlatforms) = preSolution
		Debug|Any CPU = Debug|Any CPU
		Release|Any CPU = Release|Any CPU
	EndGlobalSection
	GlobalSection(ProjectConfigurationPlatforms) = postSolution
		{F7957DE9-6D70-4C8A-BF4E-E70CF06FA531}.Debug|Any CPU.ActiveCfg = Debug|Any CPU
		{F7957DE9-6D70-4C8A-BF4E-E70CF06FA531}.Debug|Any CPU.Build.0 = Debug|Any CPU
		{F7957DE9-6D70-4C8A-BF4E-E70CF06FA531}.Release|Any CPU.ActiveCfg = Release|Any CPU
		{F7957DE9-6D70-4C8A-BF4E-E70CF06FA531}.Release|Any CPU.Build.0 = Release|Any CPU
		{D50C13C3-2BF3-4CC3-9B1C-17AC5D0A3F98}.Debug|Any CPU.ActiveCfg = Debug|Any CPU
		{D50C13C3-2BF3-4CC3-9B1C-17AC5D0A3F98}.Debug|Any CPU.Build.0 = Debug|Any CPU
		{D50C13C3-2BF3-4CC3-9B1C-17AC5D0A3F98}.Release|Any CPU.ActiveCfg = Release|Any CPU
		{D50C13C3-2BF3-4CC3-9B1C-17AC5D0A3F98}.Release|Any CPU.Build.0 = Release|Any CPU
		{A436B78D-13F8-4A5E-ADB5-FF070F72B908}.Debug|Any CPU.ActiveCfg = Debug|Any CPU
		{A436B78D-13F8-4A5E-ADB5-FF070F72B908}.Debug|Any CPU.Build.0 = Debug|Any CPU
		{A436B78D-13F8-4A5E-ADB5-FF070F72B908}.Release|Any CPU.ActiveCfg = Release|Any CPU
		{A436B78D-13F8-4A5E-ADB5-FF070F72B908}.Release|Any CPU.Build.0 = Release|Any CPU
		{B9C26DD2-E11C-4337-A0A8-2E3EE772A46C}.Debug|Any CPU.ActiveCfg = Debug|Any CPU
		{B9C26DD2-E11C-4337-A0A8-2E3EE772A46C}.Debug|Any CPU.Build.0 = Debug|Any CPU
		{B9C26DD2-E11C-4337-A0A8-2E3EE772A46C}.Release|Any CPU.ActiveCfg = Release|Any CPU
		{B9C26DD2-E11C-4337-A0A8-2E3EE772A46C}.Release|Any CPU.Build.0 = Release|Any CPU
		{50889EB5-C326-4C75-A155-C4D43B5AD19A}.Debug|Any CPU.ActiveCfg = Debug|Any CPU
		{50889EB5-C326-4C75-A155-C4D43B5AD19A}.Debug|Any CPU.Build.0 = Debug|Any CPU
		{50889EB5-C326-4C75-A155-C4D43B5AD19A}.Release|Any CPU.ActiveCfg = Release|Any CPU
		{50889EB5-C326-4C75-A155-C4D43B5AD19A}.Release|Any CPU.Build.0 = Release|Any CPU
		{E86B46EB-686D-4E38-8E12-E4F3DA067D60}.Debug|Any CPU.ActiveCfg = Debug|Any CPU
		{E86B46EB-686D-4E38-8E12-E4F3DA067D60}.Debug|Any CPU.Build.0 = Debug|Any CPU
		{E86B46EB-686D-4E38-8E12-E4F3DA067D60}.Release|Any CPU.ActiveCfg = Release|Any CPU
		{E86B46EB-686D-4E38-8E12-E4F3DA067D60}.Release|Any CPU.Build.0 = Release|Any CPU
		{052F7109-FB7E-452D-B9C6-F9F66155288E}.Debug|Any CPU.ActiveCfg = Debug|Any CPU
		{052F7109-FB7E-452D-B9C6-F9F66155288E}.Debug|Any CPU.Build.0 = Debug|Any CPU
		{052F7109-FB7E-452D-B9C6-F9F66155288E}.Release|Any CPU.ActiveCfg = Release|Any CPU
		{052F7109-FB7E-452D-B9C6-F9F66155288E}.Release|Any CPU.Build.0 = Release|Any CPU
		{F37F43B7-1C64-4340-8102-90CDF3B27129}.Debug|Any CPU.ActiveCfg = Debug|Any CPU
		{F37F43B7-1C64-4340-8102-90CDF3B27129}.Debug|Any CPU.Build.0 = Debug|Any CPU
		{F37F43B7-1C64-4340-8102-90CDF3B27129}.Release|Any CPU.ActiveCfg = Release|Any CPU
		{F37F43B7-1C64-4340-8102-90CDF3B27129}.Release|Any CPU.Build.0 = Release|Any CPU
	EndGlobalSection
	GlobalSection(SolutionProperties) = preSolution
		HideSolutionNode = FALSE
	EndGlobalSection
	GlobalSection(NestedProjects) = preSolution
		{581D8DD8-AF6D-4C99-A093-B13A5952FACF} = {B765952B-5D6E-4A62-AEFD-D2B24340C21C}
		{C42C129E-4D39-4A67-965A-78CA0B742F73} = {B765952B-5D6E-4A62-AEFD-D2B24340C21C}
		{65D717AE-3071-4511-96EA-ACD1C199EA4D} = {B765952B-5D6E-4A62-AEFD-D2B24340C21C}
		{8E8DD42E-9D2F-4527-AF74-E519F4E0B80E} = {B765952B-5D6E-4A62-AEFD-D2B24340C21C}
		{A6B9F8CC-D014-41B6-B92A-F0844A61E1F5} = {1EB49EFF-54A5-48AD-8EB0-7FB20EF0F19C}
		{65A28805-EF12-4DF4-A1FD-5F0204A4F6A4} = {1EB49EFF-54A5-48AD-8EB0-7FB20EF0F19C}
		{3FB8704D-739D-4A2A-84C0-5726409E1235} = {1EB49EFF-54A5-48AD-8EB0-7FB20EF0F19C}
		{9F429F0F-B1C4-459E-BF3F-024FA273FE93} = {1EB49EFF-54A5-48AD-8EB0-7FB20EF0F19C}
		{F7957DE9-6D70-4C8A-BF4E-E70CF06FA531} = {581D8DD8-AF6D-4C99-A093-B13A5952FACF}
		{D50C13C3-2BF3-4CC3-9B1C-17AC5D0A3F98} = {C42C129E-4D39-4A67-965A-78CA0B742F73}
		{A436B78D-13F8-4A5E-ADB5-FF070F72B908} = {65D717AE-3071-4511-96EA-ACD1C199EA4D}
		{B9C26DD2-E11C-4337-A0A8-2E3EE772A46C} = {8E8DD42E-9D2F-4527-AF74-E519F4E0B80E}
		{50889EB5-C326-4C75-A155-C4D43B5AD19A} = {A6B9F8CC-D014-41B6-B92A-F0844A61E1F5}
		{E86B46EB-686D-4E38-8E12-E4F3DA067D60} = {65A28805-EF12-4DF4-A1FD-5F0204A4F6A4}
		{052F7109-FB7E-452D-B9C6-F9F66155288E} = {3FB8704D-739D-4A2A-84C0-5726409E1235}
		{F37F43B7-1C64-4340-8102-90CDF3B27129} = {9F429F0F-B1C4-459E-BF3F-024FA273FE93}
	EndGlobalSection
EndGlobal
